
Microsoft Visual Studio Solution File, Format Version 12.00
# Visual Studio Version 16
VisualStudioVersion = 16.0.31702.278
MinimumVisualStudioVersion = 10.0.40219.1
Project("{FAE04EC0-301F-11D3-BF4B-00C04F79EFBC}") = "SecondAttemptAtClassMatesLab", "SecondAttemptAtClassMatesLab\SecondAttemptAtClassMatesLab.csproj", "{CBCA45B2-3B86-40DA-98F1-CFAB49EC0639}"
EndProject
Global
	GlobalSection(SolutionConfigurationPlatforms) = preSolution
		Debug|Any CPU = Debug|Any CPU
		Release|Any CPU = Release|Any CPU
	EndGlobalSection
	GlobalSection(ProjectConfigurationPlatforms) = postSolution
		{CBCA45B2-3B86-40DA-98F1-CFAB49EC0639}.Debug|Any CPU.ActiveCfg = Debug|Any CPU
		{CBCA45B2-3B86-40DA-98F1-CFAB49EC0639}.Debug|Any CPU.Build.0 = Debug|Any CPU
		{CBCA45B2-3B86-40DA-98F1-CFAB49EC0639}.Release|Any CPU.ActiveCfg = Release|Any CPU
		{CBCA45B2-3B86-40DA-98F1-CFAB49EC0639}.Release|Any CPU.Build.0 = Release|Any CPU
	EndGlobalSection
	GlobalSection(SolutionProperties) = preSolution
		HideSolutionNode = FALSE
	EndGlobalSection
	GlobalSection(ExtensibilityGlobals) = postSolution
		SolutionGuid = {BBACE889-7762-4267-9712-357F7C45C828}
	EndGlobalSection
EndGlobal
